
Microsoft Visual Studio Solution File, Format Version 12.00
# Visual Studio Version 17
VisualStudioVersion = 17.4.33103.184
MinimumVisualStudioVersion = 10.0.40219.1
Project("{FAE04EC0-301F-11D3-BF4B-00C04F79EFBC}") = "RestaurantSystem", "RestaurantSystem.csproj", "{496FD277-95BC-4AF9-8329-C4DF74D08D98}"
EndProject
Global
	GlobalSection(SolutionConfigurationPlatforms) = preSolution
		Debug|Any CPU = Debug|Any CPU
		Release|Any CPU = Release|Any CPU
	EndGlobalSection
	GlobalSection(ProjectConfigurationPlatforms) = postSolution
		{496FD277-95BC-4AF9-8329-C4DF74D08D98}.Debug|Any CPU.ActiveCfg = Debug|Any CPU
		{496FD277-95BC-4AF9-8329-C4DF74D08D98}.Debug|Any CPU.Build.0 = Debug|Any CPU
		{496FD277-95BC-4AF9-8329-C4DF74D08D98}.Release|Any CPU.ActiveCfg = Release|Any CPU
		{496FD277-95BC-4AF9-8329-C4DF74D08D98}.Release|Any CPU.Build.0 = Release|Any CPU
	EndGlobalSection
	GlobalSection(SolutionProperties) = preSolution
		HideSolutionNode = FALSE
	EndGlobalSection
	GlobalSection(ExtensibilityGlobals) = postSolution
		SolutionGuid = {B58417A2-6CB6-4A54-8AF9-5A116199E20B}
	EndGlobalSection
EndGlobal
